{
  "version": 4,
  "terraform_version": "1.1.7",
  "serial": 35,
  "lineage": "ffa3c61c-87cb-f49e-2468-5e56fecb571b",
  "outputs": {},
  "resources": [
    {
      "mode": "managed",
      "type": "aws_s3_bucket",
      "name": "_",
      "provider": "provider[\"registry.terraform.io/hashicorp/aws\"]",
      "instances": [
        {
          "schema_version": 0,
          "attributes": {
            "acceleration_status": "",
            "acl": "private",
            "arn": "arn:aws:s3:::radius-tracker",
            "bucket": "radius-tracker",
            "bucket_domain_name": "radius-tracker.s3.amazonaws.com",
            "bucket_prefix": null,
            "bucket_regional_domain_name": "radius-tracker.s3.us-east-2.amazonaws.com",
            "cors_rule": [],
            "force_destroy": false,
            "grant": [],
            "hosted_zone_id": "Z2O1EMRO9K5GLX",
            "id": "radius-tracker",
            "lifecycle_rule": [],
            "logging": [],
            "object_lock_configuration": [],
            "object_lock_enabled": false,
            "policy": "",
            "region": "us-east-2",
            "replication_configuration": [],
            "request_payer": "BucketOwner",
            "server_side_encryption_configuration": [],
            "tags": {},
            "tags_all": {},
            "versioning": [
              {
                "enabled": false,
                "mfa_delete": false
              }
            ],
            "website": [],
            "website_domain": null,
            "website_endpoint": null
          },
          "sensitive_attributes": [],
          "private": "bnVsbA=="
        }
      ]
    },
    {
      "mode": "managed",
      "type": "aws_s3_bucket_acl",
      "name": "_",
      "provider": "provider[\"registry.terraform.io/hashicorp/aws\"]",
      "instances": [
        {
          "schema_version": 0,
          "attributes": {
            "access_control_policy": [
              {
                "grant": [
                  {
                    "grantee": [
                      {
                        "display_name": "",
                        "email_address": "",
                        "id": "8e120ba8724ca14ea3cd0efb17ef51df65c4169fae80ed67c6d97c8a54234394",
                        "type": "CanonicalUser",
                        "uri": ""
                      }
                    ],
                    "permission": "FULL_CONTROL"
                  }
                ],
                "owner": [
                  {
                    "display_name": "",
                    "id": "8e120ba8724ca14ea3cd0efb17ef51df65c4169fae80ed67c6d97c8a54234394"
                  }
                ]
              }
            ],
            "acl": "private",
            "bucket": "radius-tracker",
            "expected_bucket_owner": "",
            "id": "radius-tracker,private"
          },
          "sensitive_attributes": [],
          "private": "bnVsbA==",
          "dependencies": [
            "aws_s3_bucket._"
          ]
        }
      ]
    },
    {
      "module": "module.lambda_api",
      "mode": "managed",
      "type": "aws_iam_policy",
      "name": "_",
      "provider": "module.lambda_api.provider[\"registry.terraform.io/hashicorp/aws\"]",
      "instances": [
        {
          "schema_version": 0,
          "attributes": {
            "arn": "arn:aws:iam::637140718553:policy/radius-tracker-lambda",
            "description": "Lambda Policy",
            "id": "arn:aws:iam::637140718553:policy/radius-tracker-lambda",
            "name": "radius-tracker-lambda",
            "name_prefix": null,
            "path": "/",
            "policy": "{\"Statement\":[{\"Action\":[\"logs:CreateLogGroup\",\"logs:CreateLogStream\",\"logs:PutLogEvents\"],\"Effect\":\"Allow\",\"Resource\":\"arn:aws:logs:*:*:*\"}],\"Version\":\"2012-10-17\"}",
            "policy_id": "ANPAZIWEL2PM73EGH5NKT",
            "tags": null,
            "tags_all": {}
          },
          "sensitive_attributes": [],
          "private": "bnVsbA=="
        }
      ]
    },
    {
      "module": "module.lambda_api",
      "mode": "managed",
      "type": "aws_iam_policy_attachment",
      "name": "_",
      "provider": "module.lambda_api.provider[\"registry.terraform.io/hashicorp/aws\"]",
      "instances": [
        {
          "schema_version": 0,
          "attributes": {
            "groups": null,
            "id": "radius-tracker-lambda",
            "name": "radius-tracker-lambda",
            "policy_arn": "arn:aws:iam::637140718553:policy/radius-tracker-lambda",
            "roles": [
              "radius-tracker-lambda"
            ],
            "users": null
          },
          "sensitive_attributes": [],
          "private": "bnVsbA==",
          "dependencies": [
            "module.lambda_api.aws_iam_policy._",
            "module.lambda_api.aws_iam_role._"
          ]
        }
      ]
    },
    {
      "module": "module.lambda_api",
      "mode": "managed",
      "type": "aws_iam_role",
      "name": "_",
      "provider": "module.lambda_api.provider[\"registry.terraform.io/hashicorp/aws\"]",
      "instances": [
        {
          "schema_version": 0,
          "attributes": {
            "arn": "arn:aws:iam::637140718553:role/radius-tracker-lambda",
            "assume_role_policy": "{\"Version\":\"2012-10-17\",\"Statement\":[{\"Sid\":\"\",\"Effect\":\"Allow\",\"Principal\":{\"Service\":\"lambda.amazonaws.com\"},\"Action\":\"sts:AssumeRole\"}]}",
            "create_date": "2022-04-05T07:17:34Z",
            "description": "",
            "force_detach_policies": false,
            "id": "radius-tracker-lambda",
            "inline_policy": [
              {
                "name": "",
                "policy": ""
              }
            ],
            "managed_policy_arns": [],
            "max_session_duration": 3600,
            "name": "radius-tracker-lambda",
            "name_prefix": "",
            "path": "/",
            "permissions_boundary": null,
            "tags": null,
            "tags_all": {},
            "unique_id": "AROAZIWEL2PMROD54DHMB"
          },
          "sensitive_attributes": [],
          "private": "bnVsbA=="
        }
      ]
    },
    {
      "module": "module.lambda_api",
      "mode": "managed",
      "type": "aws_iam_role_policy_attachment",
      "name": "_",
      "provider": "module.lambda_api.provider[\"registry.terraform.io/hashicorp/aws\"]",
      "instances": [
        {
          "schema_version": 0,
          "attributes": {
            "id": "radius-tracker-lambda-20220405071735735800000001",
            "policy_arn": "arn:aws:iam::aws:policy/service-role/AWSLambdaBasicExecutionRole",
            "role": "radius-tracker-lambda"
          },
          "sensitive_attributes": [],
          "private": "bnVsbA==",
          "dependencies": [
            "module.lambda_api.aws_iam_role._"
          ]
        }
      ]
    },
    {
      "module": "module.lambda_api",
      "mode": "managed",
      "type": "aws_lambda_function",
      "name": "_",
      "provider": "module.lambda_api.provider[\"registry.terraform.io/hashicorp/aws\"]",
      "instances": [
        {
          "schema_version": 0,
          "attributes": {
            "architectures": [
              "x86_64"
            ],
            "arn": "arn:aws:lambda:us-east-2:637140718553:function:radius-tracker-lambda",
            "code_signing_config_arn": "",
            "dead_letter_config": [],
            "description": "",
            "environment": [],
            "ephemeral_storage": [
              {
                "size": 512
              }
            ],
            "file_system_config": [],
            "filename": null,
            "function_name": "radius-tracker-lambda",
            "handler": "index.handler",
            "id": "radius-tracker-lambda",
            "image_config": [],
            "image_uri": "",
            "invoke_arn": "arn:aws:apigateway:us-east-2:lambda:path/2015-03-31/functions/arn:aws:lambda:us-east-2:637140718553:function:radius-tracker-lambda/invocations",
            "kms_key_arn": "",
            "last_modified": "2022-04-05T07:17:46.967+0000",
            "layers": null,
            "memory_size": 512,
            "package_type": "Zip",
            "publish": true,
            "qualified_arn": "arn:aws:lambda:us-east-2:637140718553:function:radius-tracker-lambda:1",
            "reserved_concurrent_executions": -1,
            "role": "arn:aws:iam::637140718553:role/radius-tracker-lambda",
            "runtime": "nodejs14.x",
            "s3_bucket": "radius-tracker",
            "s3_key": "lambda.zip",
            "s3_object_version": null,
            "signing_job_arn": "",
            "signing_profile_version_arn": "",
            "source_code_hash": "y3Xf5UYX8r9bpZ72peusMRn+iYl2TcaXrE13iluW5DA=",
            "source_code_size": 28460835,
            "tags": null,
            "tags_all": {},
            "timeout": 120,
            "timeouts": null,
            "tracing_config": [
              {
                "mode": "PassThrough"
              }
            ],
            "version": "1",
            "vpc_config": []
          },
          "sensitive_attributes": [],
          "private": "eyJlMmJmYjczMC1lY2FhLTExZTYtOGY4OC0zNDM2M2JjN2M0YzAiOnsiY3JlYXRlIjo2MDAwMDAwMDAwMDB9fQ==",
          "dependencies": [
            "aws_s3_bucket._",
            "module.lambda_api.aws_iam_role._",
            "module.lambda_api.null_resource._"
          ]
        }
      ]
    },
    {
      "module": "module.lambda_api",
      "mode": "managed",
      "type": "null_resource",
      "name": "_",
      "provider": "provider[\"registry.terraform.io/hashicorp/null\"]",
      "instances": [
        {
          "schema_version": 0,
          "attributes": {
            "id": "1401574153645937316",
            "triggers": {
              "source_code_hash": "y3Xf5UYX8r9bpZ72peusMRn+iYl2TcaXrE13iluW5DA="
            }
          },
          "sensitive_attributes": [],
          "private": "bnVsbA==",
          "dependencies": [
            "aws_s3_bucket._"
          ]
        }
      ]
    }
  ]
}
